
Microsoft Visual Studio Solution File, Format Version 12.00
# Visual Studio Version 17
VisualStudioVersion = 17.9.34622.214
MinimumVisualStudioVersion = 10.0.40219.1
Project("{9A19103F-16F7-4668-BE54-9A1E7A4F7556}") = "RAG_Console", "RAG_Console.csproj", "{0861E329-E2E7-45A8-B30B-BB0B33BCFD34}"
EndProject
Project("{FAE04EC0-301F-11D3-BF4B-00C04F79EFBC}") = "OpenAI2.0.0", "..\OpenAI2.0.0\OpenAI2.0.0.csproj", "{1E5427C5-DFC3-41E0-8570-708ACA2A34C5}"
EndProject
Global
	GlobalSection(SolutionConfigurationPlatforms) = preSolution
		Debug|Any CPU = Debug|Any CPU
		Release|Any CPU = Release|Any CPU
	EndGlobalSection
	GlobalSection(ProjectConfigurationPlatforms) = postSolution
		{0861E329-E2E7-45A8-B30B-BB0B33BCFD34}.Debug|Any CPU.ActiveCfg = Debug|Any CPU
		{0861E329-E2E7-45A8-B30B-BB0B33BCFD34}.Debug|Any CPU.Build.0 = Debug|Any CPU
		{0861E329-E2E7-45A8-B30B-BB0B33BCFD34}.Release|Any CPU.ActiveCfg = Release|Any CPU
		{0861E329-E2E7-45A8-B30B-BB0B33BCFD34}.Release|Any CPU.Build.0 = Release|Any CPU
		{1E5427C5-DFC3-41E0-8570-708ACA2A34C5}.Debug|Any CPU.ActiveCfg = Debug|Any CPU
		{1E5427C5-DFC3-41E0-8570-708ACA2A34C5}.Debug|Any CPU.Build.0 = Debug|Any CPU
		{1E5427C5-DFC3-41E0-8570-708ACA2A34C5}.Release|Any CPU.ActiveCfg = Release|Any CPU
		{1E5427C5-DFC3-41E0-8570-708ACA2A34C5}.Release|Any CPU.Build.0 = Release|Any CPU
	EndGlobalSection
	GlobalSection(SolutionProperties) = preSolution
		HideSolutionNode = FALSE
	EndGlobalSection
	GlobalSection(ExtensibilityGlobals) = postSolution
		SolutionGuid = {10253B03-BB62-4D4D-AC43-B319CE74E383}
	EndGlobalSection
EndGlobal
